
Microsoft Visual Studio Solution File, Format Version 12.00
# Visual Studio Version 17
VisualStudioVersion = 17.4.33110.190
MinimumVisualStudioVersion = 10.0.40219.1
Project("{FAE04EC0-301F-11D3-BF4B-00C04F79EFBC}") = "GuessNumber", "GuessNumber\GuessNumber.csproj", "{50594810-103C-4EF2-9068-FA1B57AAAE36}"
EndProject
Global
	GlobalSection(SolutionConfigurationPlatforms) = preSolution
		Debug|Any CPU = Debug|Any CPU
		Release|Any CPU = Release|Any CPU
	EndGlobalSection
	GlobalSection(ProjectConfigurationPlatforms) = postSolution
		{50594810-103C-4EF2-9068-FA1B57AAAE36}.Debug|Any CPU.ActiveCfg = Debug|Any CPU
		{50594810-103C-4EF2-9068-FA1B57AAAE36}.Debug|Any CPU.Build.0 = Debug|Any CPU
		{50594810-103C-4EF2-9068-FA1B57AAAE36}.Release|Any CPU.ActiveCfg = Release|Any CPU
		{50594810-103C-4EF2-9068-FA1B57AAAE36}.Release|Any CPU.Build.0 = Release|Any CPU
	EndGlobalSection
	GlobalSection(SolutionProperties) = preSolution
		HideSolutionNode = FALSE
	EndGlobalSection
	GlobalSection(ExtensibilityGlobals) = postSolution
		SolutionGuid = {BA55299A-38C9-4A89-A6FA-D5D3FD54610E}
	EndGlobalSection
EndGlobal
